
Microsoft Visual Studio Solution File, Format Version 12.00
# Visual Studio 14
VisualStudioVersion = 14.0.25420.1
MinimumVisualStudioVersion = 10.0.40219.1
Project("{2150E333-8FDC-42A3-9474-1A3956D46DE8}") = "Console", "Console", "{843DF19D-DE5F-4053-AED5-C23DD1A4E616}"
EndProject
Project("{2150E333-8FDC-42A3-9474-1A3956D46DE8}") = "Serveur", "Serveur", "{BD988972-B1BC-42A0-90C5-1E554064F57C}"
EndProject
Project("{2150E333-8FDC-42A3-9474-1A3956D46DE8}") = "Test", "Test", "{BFB2E06C-117E-4087-A0B5-A5759D9D4464}"
EndProject
Project("{FAE04EC0-301F-11D3-BF4B-00C04F79EFBC}") = "Modele.Console.e-commerce", "Modele.Console.e-commerce\Modele.Console.e-commerce.csproj", "{9B9CCFD4-B901-424E-BDFE-ACD30BAE8B4A}"
EndProject
Project("{FAE04EC0-301F-11D3-BF4B-00C04F79EFBC}") = "BusinessLayer.e-commerce", "BusinessLayer.e-commerce\BusinessLayer.e-commerce.csproj", "{BA18B45D-BB51-4F62-81B5-F59FB71F22B3}"
EndProject
Project("{FAE04EC0-301F-11D3-BF4B-00C04F79EFBC}") = "Modele.e-commerce", "Modele.e-commerce\Modele.e-commerce.csproj", "{903E106A-0BC1-43FC-B83D-4B108C8B52B8}"
EndProject
Project("{FAE04EC0-301F-11D3-BF4B-00C04F79EFBC}") = "Modele.Test.e-commerce", "Modele.Test.e-commerce\Modele.Test.e-commerce.csproj", "{9EEDEB28-8D5C-40F7-8975-6EC57412E6D4}"
EndProject
Project("{FAE04EC0-301F-11D3-BF4B-00C04F79EFBC}") = "ECommerceWPF", "ECommerceWPF\ECommerceWPF.csproj", "{CAD162C9-9ABC-44F0-A00C-B8490EE61381}"
EndProject
Project("{FAE04EC0-301F-11D3-BF4B-00C04F79EFBC}") = "ServiceECommerce", "ServiceECommerce\ServiceECommerce.csproj", "{5291D5E9-E90E-4D5E-B1BC-ECDACB42DD49}"
EndProject
Global
	GlobalSection(SolutionConfigurationPlatforms) = preSolution
		Debug|Any CPU = Debug|Any CPU
		Debug|ARM = Debug|ARM
		Debug|x64 = Debug|x64
		Debug|x86 = Debug|x86
		Release|Any CPU = Release|Any CPU
		Release|ARM = Release|ARM
		Release|x64 = Release|x64
		Release|x86 = Release|x86
	EndGlobalSection
	GlobalSection(ProjectConfigurationPlatforms) = postSolution
		{9B9CCFD4-B901-424E-BDFE-ACD30BAE8B4A}.Debug|Any CPU.ActiveCfg = Debug|Any CPU
		{9B9CCFD4-B901-424E-BDFE-ACD30BAE8B4A}.Debug|Any CPU.Build.0 = Debug|Any CPU
		{9B9CCFD4-B901-424E-BDFE-ACD30BAE8B4A}.Debug|ARM.ActiveCfg = Debug|Any CPU
		{9B9CCFD4-B901-424E-BDFE-ACD30BAE8B4A}.Debug|ARM.Build.0 = Debug|Any CPU
		{9B9CCFD4-B901-424E-BDFE-ACD30BAE8B4A}.Debug|x64.ActiveCfg = Debug|Any CPU
		{9B9CCFD4-B901-424E-BDFE-ACD30BAE8B4A}.Debug|x64.Build.0 = Debug|Any CPU
		{9B9CCFD4-B901-424E-BDFE-ACD30BAE8B4A}.Debug|x86.ActiveCfg = Debug|Any CPU
		{9B9CCFD4-B901-424E-BDFE-ACD30BAE8B4A}.Debug|x86.Build.0 = Debug|Any CPU
		{9B9CCFD4-B901-424E-BDFE-ACD30BAE8B4A}.Release|Any CPU.ActiveCfg = Release|Any CPU
		{9B9CCFD4-B901-424E-BDFE-ACD30BAE8B4A}.Release|Any CPU.Build.0 = Release|Any CPU
		{9B9CCFD4-B901-424E-BDFE-ACD30BAE8B4A}.Release|ARM.ActiveCfg = Release|Any CPU
		{9B9CCFD4-B901-424E-BDFE-ACD30BAE8B4A}.Release|ARM.Build.0 = Release|Any CPU
		{9B9CCFD4-B901-424E-BDFE-ACD30BAE8B4A}.Release|x64.ActiveCfg = Release|Any CPU
		{9B9CCFD4-B901-424E-BDFE-ACD30BAE8B4A}.Release|x64.Build.0 = Release|Any CPU
		{9B9CCFD4-B901-424E-BDFE-ACD30BAE8B4A}.Release|x86.ActiveCfg = Release|Any CPU
		{9B9CCFD4-B901-424E-BDFE-ACD30BAE8B4A}.Release|x86.Build.0 = Release|Any CPU
		{BA18B45D-BB51-4F62-81B5-F59FB71F22B3}.Debug|Any CPU.ActiveCfg = Debug|Any CPU
		{BA18B45D-BB51-4F62-81B5-F59FB71F22B3}.Debug|Any CPU.Build.0 = Debug|Any CPU
		{BA18B45D-BB51-4F62-81B5-F59FB71F22B3}.Debug|ARM.ActiveCfg = Debug|Any CPU
		{BA18B45D-BB51-4F62-81B5-F59FB71F22B3}.Debug|ARM.Build.0 = Debug|Any CPU
		{BA18B45D-BB51-4F62-81B5-F59FB71F22B3}.Debug|x64.ActiveCfg = Debug|Any CPU
		{BA18B45D-BB51-4F62-81B5-F59FB71F22B3}.Debug|x64.Build.0 = Debug|Any CPU
		{BA18B45D-BB51-4F62-81B5-F59FB71F22B3}.Debug|x86.ActiveCfg = Debug|Any CPU
		{BA18B45D-BB51-4F62-81B5-F59FB71F22B3}.Debug|x86.Build.0 = Debug|Any CPU
		{BA18B45D-BB51-4F62-81B5-F59FB71F22B3}.Release|Any CPU.ActiveCfg = Release|Any CPU
		{BA18B45D-BB51-4F62-81B5-F59FB71F22B3}.Release|Any CPU.Build.0 = Release|Any CPU
		{BA18B45D-BB51-4F62-81B5-F59FB71F22B3}.Release|ARM.ActiveCfg = Release|Any CPU
		{BA18B45D-BB51-4F62-81B5-F59FB71F22B3}.Release|ARM.Build.0 = Release|Any CPU
		{BA18B45D-BB51-4F62-81B5-F59FB71F22B3}.Release|x64.ActiveCfg = Release|Any CPU
		{BA18B45D-BB51-4F62-81B5-F59FB71F22B3}.Release|x64.Build.0 = Release|Any CPU
		{BA18B45D-BB51-4F62-81B5-F59FB71F22B3}.Release|x86.ActiveCfg = Release|Any CPU
		{BA18B45D-BB51-4F62-81B5-F59FB71F22B3}.Release|x86.Build.0 = Release|Any CPU
		{903E106A-0BC1-43FC-B83D-4B108C8B52B8}.Debug|Any CPU.ActiveCfg = Debug|Any CPU
		{903E106A-0BC1-43FC-B83D-4B108C8B52B8}.Debug|Any CPU.Build.0 = Debug|Any CPU
		{903E106A-0BC1-43FC-B83D-4B108C8B52B8}.Debug|ARM.ActiveCfg = Debug|Any CPU
		{903E106A-0BC1-43FC-B83D-4B108C8B52B8}.Debug|ARM.Build.0 = Debug|Any CPU
		{903E106A-0BC1-43FC-B83D-4B108C8B52B8}.Debug|x64.ActiveCfg = Debug|Any CPU
		{903E106A-0BC1-43FC-B83D-4B108C8B52B8}.Debug|x64.Build.0 = Debug|Any CPU
		{903E106A-0BC1-43FC-B83D-4B108C8B52B8}.Debug|x86.ActiveCfg = Debug|Any CPU
		{903E106A-0BC1-43FC-B83D-4B108C8B52B8}.Debug|x86.Build.0 = Debug|Any CPU
		{903E106A-0BC1-43FC-B83D-4B108C8B52B8}.Release|Any CPU.ActiveCfg = Release|Any CPU
		{903E106A-0BC1-43FC-B83D-4B108C8B52B8}.Release|Any CPU.Build.0 = Release|Any CPU
		{903E106A-0BC1-43FC-B83D-4B108C8B52B8}.Release|ARM.ActiveCfg = Release|Any CPU
		{903E106A-0BC1-43FC-B83D-4B108C8B52B8}.Release|ARM.Build.0 = Release|Any CPU
		{903E106A-0BC1-43FC-B83D-4B108C8B52B8}.Release|x64.ActiveCfg = Release|Any CPU
		{903E106A-0BC1-43FC-B83D-4B108C8B52B8}.Release|x64.Build.0 = Release|Any CPU
		{903E106A-0BC1-43FC-B83D-4B108C8B52B8}.Release|x86.ActiveCfg = Release|Any CPU
		{903E106A-0BC1-43FC-B83D-4B108C8B52B8}.Release|x86.Build.0 = Release|Any CPU
		{9EEDEB28-8D5C-40F7-8975-6EC57412E6D4}.Debug|Any CPU.ActiveCfg = Debug|Any CPU
		{9EEDEB28-8D5C-40F7-8975-6EC57412E6D4}.Debug|Any CPU.Build.0 = Debug|Any CPU
		{9EEDEB28-8D5C-40F7-8975-6EC57412E6D4}.Debug|ARM.ActiveCfg = Debug|Any CPU
		{9EEDEB28-8D5C-40F7-8975-6EC57412E6D4}.Debug|ARM.Build.0 = Debug|Any CPU
		{9EEDEB28-8D5C-40F7-8975-6EC57412E6D4}.Debug|x64.ActiveCfg = Debug|Any CPU
		{9EEDEB28-8D5C-40F7-8975-6EC57412E6D4}.Debug|x64.Build.0 = Debug|Any CPU
		{9EEDEB28-8D5C-40F7-8975-6EC57412E6D4}.Debug|x86.ActiveCfg = Debug|Any CPU
		{9EEDEB28-8D5C-40F7-8975-6EC57412E6D4}.Debug|x86.Build.0 = Debug|Any CPU
		{9EEDEB28-8D5C-40F7-8975-6EC57412E6D4}.Release|Any CPU.ActiveCfg = Release|Any CPU
		{9EEDEB28-8D5C-40F7-8975-6EC57412E6D4}.Release|Any CPU.Build.0 = Release|Any CPU
		{9EEDEB28-8D5C-40F7-8975-6EC57412E6D4}.Release|ARM.ActiveCfg = Release|Any CPU
		{9EEDEB28-8D5C-40F7-8975-6EC57412E6D4}.Release|ARM.Build.0 = Release|Any CPU
		{9EEDEB28-8D5C-40F7-8975-6EC57412E6D4}.Release|x64.ActiveCfg = Release|Any CPU
		{9EEDEB28-8D5C-40F7-8975-6EC57412E6D4}.Release|x64.Build.0 = Release|Any CPU
		{9EEDEB28-8D5C-40F7-8975-6EC57412E6D4}.Release|x86.ActiveCfg = Release|Any CPU
		{9EEDEB28-8D5C-40F7-8975-6EC57412E6D4}.Release|x86.Build.0 = Release|Any CPU
		{CAD162C9-9ABC-44F0-A00C-B8490EE61381}.Debug|Any CPU.ActiveCfg = Debug|Any CPU
		{CAD162C9-9ABC-44F0-A00C-B8490EE61381}.Debug|Any CPU.Build.0 = Debug|Any CPU
		{CAD162C9-9ABC-44F0-A00C-B8490EE61381}.Debug|ARM.ActiveCfg = Debug|Any CPU
		{CAD162C9-9ABC-44F0-A00C-B8490EE61381}.Debug|ARM.Build.0 = Debug|Any CPU
		{CAD162C9-9ABC-44F0-A00C-B8490EE61381}.Debug|x64.ActiveCfg = Debug|Any CPU
		{CAD162C9-9ABC-44F0-A00C-B8490EE61381}.Debug|x64.Build.0 = Debug|Any CPU
		{CAD162C9-9ABC-44F0-A00C-B8490EE61381}.Debug|x86.ActiveCfg = Debug|Any CPU
		{CAD162C9-9ABC-44F0-A00C-B8490EE61381}.Debug|x86.Build.0 = Debug|Any CPU
		{CAD162C9-9ABC-44F0-A00C-B8490EE61381}.Release|Any CPU.ActiveCfg = Release|Any CPU
		{CAD162C9-9ABC-44F0-A00C-B8490EE61381}.Release|Any CPU.Build.0 = Release|Any CPU
		{CAD162C9-9ABC-44F0-A00C-B8490EE61381}.Release|ARM.ActiveCfg = Release|Any CPU
		{CAD162C9-9ABC-44F0-A00C-B8490EE61381}.Release|ARM.Build.0 = Release|Any CPU
		{CAD162C9-9ABC-44F0-A00C-B8490EE61381}.Release|x64.ActiveCfg = Release|Any CPU
		{CAD162C9-9ABC-44F0-A00C-B8490EE61381}.Release|x64.Build.0 = Release|Any CPU
		{CAD162C9-9ABC-44F0-A00C-B8490EE61381}.Release|x86.ActiveCfg = Release|Any CPU
		{CAD162C9-9ABC-44F0-A00C-B8490EE61381}.Release|x86.Build.0 = Release|Any CPU
		{5291D5E9-E90E-4D5E-B1BC-ECDACB42DD49}.Debug|Any CPU.ActiveCfg = Debug|Any CPU
		{5291D5E9-E90E-4D5E-B1BC-ECDACB42DD49}.Debug|Any CPU.Build.0 = Debug|Any CPU
		{5291D5E9-E90E-4D5E-B1BC-ECDACB42DD49}.Debug|ARM.ActiveCfg = Debug|Any CPU
		{5291D5E9-E90E-4D5E-B1BC-ECDACB42DD49}.Debug|ARM.Build.0 = Debug|Any CPU
		{5291D5E9-E90E-4D5E-B1BC-ECDACB42DD49}.Debug|x64.ActiveCfg = Debug|Any CPU
		{5291D5E9-E90E-4D5E-B1BC-ECDACB42DD49}.Debug|x64.Build.0 = Debug|Any CPU
		{5291D5E9-E90E-4D5E-B1BC-ECDACB42DD49}.Debug|x86.ActiveCfg = Debug|Any CPU
		{5291D5E9-E90E-4D5E-B1BC-ECDACB42DD49}.Debug|x86.Build.0 = Debug|Any CPU
		{5291D5E9-E90E-4D5E-B1BC-ECDACB42DD49}.Release|Any CPU.ActiveCfg = Release|Any CPU
		{5291D5E9-E90E-4D5E-B1BC-ECDACB42DD49}.Release|Any CPU.Build.0 = Release|Any CPU
		{5291D5E9-E90E-4D5E-B1BC-ECDACB42DD49}.Release|ARM.ActiveCfg = Release|Any CPU
		{5291D5E9-E90E-4D5E-B1BC-ECDACB42DD49}.Release|ARM.Build.0 = Release|Any CPU
		{5291D5E9-E90E-4D5E-B1BC-ECDACB42DD49}.Release|x64.ActiveCfg = Release|Any CPU
		{5291D5E9-E90E-4D5E-B1BC-ECDACB42DD49}.Release|x64.Build.0 = Release|Any CPU
		{5291D5E9-E90E-4D5E-B1BC-ECDACB42DD49}.Release|x86.ActiveCfg = Release|Any CPU
		{5291D5E9-E90E-4D5E-B1BC-ECDACB42DD49}.Release|x86.Build.0 = Release|Any CPU
	EndGlobalSection
	GlobalSection(SolutionProperties) = preSolution
		HideSolutionNode = FALSE
	EndGlobalSection
	GlobalSection(NestedProjects) = preSolution
		{9B9CCFD4-B901-424E-BDFE-ACD30BAE8B4A} = {843DF19D-DE5F-4053-AED5-C23DD1A4E616}
		{BA18B45D-BB51-4F62-81B5-F59FB71F22B3} = {BD988972-B1BC-42A0-90C5-1E554064F57C}
		{903E106A-0BC1-43FC-B83D-4B108C8B52B8} = {BD988972-B1BC-42A0-90C5-1E554064F57C}
		{9EEDEB28-8D5C-40F7-8975-6EC57412E6D4} = {BFB2E06C-117E-4087-A0B5-A5759D9D4464}
		{5291D5E9-E90E-4D5E-B1BC-ECDACB42DD49} = {BD988972-B1BC-42A0-90C5-1E554064F57C}
	EndGlobalSection
EndGlobal
